
Microsoft Visual Studio Solution File, Format Version 12.00
# Visual Studio 15
VisualStudioVersion = 15.0.27130.2026
MinimumVisualStudioVersion = 10.0.40219.1
Project("{888888A0-9F3D-457C-B088-3A5042F75D52}") = "DataAggregatorByDate", "DataAggregatorByDate\DataAggregatorByDate.pyproj", "{7DCC9658-4A08-4EB7-80A8-ACE675E33A51}"
EndProject
Global
	GlobalSection(SolutionConfigurationPlatforms) = preSolution
		Debug|Any CPU = Debug|Any CPU
		Release|Any CPU = Release|Any CPU
	EndGlobalSection
	GlobalSection(ProjectConfigurationPlatforms) = postSolution
		{7DCC9658-4A08-4EB7-80A8-ACE675E33A51}.Debug|Any CPU.ActiveCfg = Debug|Any CPU
		{7DCC9658-4A08-4EB7-80A8-ACE675E33A51}.Release|Any CPU.ActiveCfg = Release|Any CPU
	EndGlobalSection
	GlobalSection(SolutionProperties) = preSolution
		HideSolutionNode = FALSE
	EndGlobalSection
	GlobalSection(ExtensibilityGlobals) = postSolution
		SolutionGuid = {FF8D23FC-BEED-4E85-A59F-4043851ACAB1}
	EndGlobalSection
EndGlobal
