
Microsoft Visual Studio Solution File, Format Version 12.00
# Visual Studio 15
VisualStudioVersion = 15.0.27004.2006
MinimumVisualStudioVersion = 10.0.40219.1
Project("{888888A0-9F3D-457C-B088-3A5042F75D52}") = "JumpListParserTest", "JumpListParserTest\JumpListParserTest.pyproj", "{5B2F7A2D-B224-4B92-A7DA-BF16978FC0D8}"
EndProject
Global
	GlobalSection(SolutionConfigurationPlatforms) = preSolution
		Debug|Any CPU = Debug|Any CPU
		Release|Any CPU = Release|Any CPU
	EndGlobalSection
	GlobalSection(ProjectConfigurationPlatforms) = postSolution
		{5B2F7A2D-B224-4B92-A7DA-BF16978FC0D8}.Debug|Any CPU.ActiveCfg = Debug|Any CPU
		{5B2F7A2D-B224-4B92-A7DA-BF16978FC0D8}.Release|Any CPU.ActiveCfg = Release|Any CPU
	EndGlobalSection
	GlobalSection(SolutionProperties) = preSolution
		HideSolutionNode = FALSE
	EndGlobalSection
	GlobalSection(ExtensibilityGlobals) = postSolution
		SolutionGuid = {8E718CBF-DC23-44B3-BCCF-3037268D90E7}
	EndGlobalSection
EndGlobal
